// !$*UTF8*$!
{
	archiveVersion = 1;
	classes = {
	};
	objectVersion = 50;
	objects = {

/* Begin PBXBuildFile section */
		01AD6801129F8D44F876E4A0B56AECB3 /* AppDelegate.swift in Sources */ = {isa = PBXBuildFile; fileRef = ED8DAD6642C5C95784A7F574F6178088 /* AppDelegate.swift */; };
		103022EF740FB593BD91231A77908502 /* WanderTests.swift in Sources */ = {isa = PBXBuildFile; fileRef = D2381F5FD552D47D043E463817668FC7 /* WanderTests.swift */; };
		234BC5657E29F2A7E32B414115CD747C /* Main.storyboard in Resources */ = {isa = PBXBuildFile; fileRef = 524C53456391D77266D1F9121EE24A4E /* Main.storyboard */; };
		3D4B81E590AEA08BFBCEC396C919EB06 /* Pods_Wander.framework in Frameworks */ = {isa = PBXBuildFile; fileRef = 248E3AF4F062242A14CAA67968840F40 /* Pods_Wander.framework */; };
		4805FC8FE6D123299BC78C81CC5EDF33 /* ViewController.swift in Sources */ = {isa = PBXBuildFile; fileRef = 845800E2AFE5F0DCF4926F054DEC2DED /* ViewController.swift */; };
		84CBE8036FC27CE8458690531D43A4AB /* Assets.xcassets in Resources */ = {isa = PBXBuildFile; fileRef = AD1FE1A5D5778B5A7A5BA532C99AEA32 /* Assets.xcassets */; };
		D305724EDEF7038D2B0100F199DF35D4 /* Pods_WanderTests.framework in Frameworks */ = {isa = PBXBuildFile; fileRef = 4C2F75BA188EB8818283C8C4D428423F /* Pods_WanderTests.framework */; };
		FE8A9B516A894571E6190ADB48ACCFFB /* LaunchScreen.storyboard in Resources */ = {isa = PBXBuildFile; fileRef = 718F674E799C2D6E0328669EA54640F1 /* LaunchScreen.storyboard */; };
/* End PBXBuildFile section */

/* Begin PBXContainerItemProxy section */
		5F1D432041728FE90BFCEDF495BA6B2C /* PBXContainerItemProxy */ = {
			isa = PBXContainerItemProxy;
			containerPortal = F091E4C7892C98535622F209C605B10F /* Project object */;
			proxyType = 1;
			remoteGlobalIDString = 588743FA85ABE224C2DF810CD3A30EF8;
			remoteInfo = Wander;
		};
/* End PBXContainerItemProxy section */

/* Begin PBXFileReference section */
		14A0DA70A3AE6C1688571B46C323C4F5 /* Pods-WanderTests.release.xcconfig */ = {isa = PBXFileReference; includeInIndex = 1; lastKnownFileType = text.xcconfig; name = "Pods-WanderTests.release.xcconfig"; path = "Pods/Target Support Files/Pods-WanderTests/Pods-WanderTests.release.xcconfig"; sourceTree = "<group>"; };
		1DFFC1A669F8C6B489DBF7B0F4581E97 /* WanderTests.xctest */ = {isa = PBXFileReference; explicitFileType = wrapper.cfbundle; includeInIndex = 0; path = WanderTests.xctest; sourceTree = BUILT_PRODUCTS_DIR; };
		248E3AF4F062242A14CAA67968840F40 /* Pods_Wander.framework */ = {isa = PBXFileReference; explicitFileType = wrapper.framework; includeInIndex = 0; path = Pods_Wander.framework; sourceTree = BUILT_PRODUCTS_DIR; };
		4C2F75BA188EB8818283C8C4D428423F /* Pods_WanderTests.framework */ = {isa = PBXFileReference; explicitFileType = wrapper.framework; includeInIndex = 0; path = Pods_WanderTests.framework; sourceTree = BUILT_PRODUCTS_DIR; };
		5BF61E5BB3A0B536871B39A86C99ECA7 /* Info.plist */ = {isa = PBXFileReference; lastKnownFileType = text.plist.xml; path = Info.plist; sourceTree = "<group>"; };
		6D3A2B98DF164ABF7D1E2D634F3EC20B /* Pods-WanderTests.debug.xcconfig */ = {isa = PBXFileReference; includeInIndex = 1; lastKnownFileType = text.xcconfig; name = "Pods-WanderTests.debug.xcconfig"; path = "Pods/Target Support Files/Pods-WanderTests/Pods-WanderTests.debug.xcconfig"; sourceTree = "<group>"; };
		845800E2AFE5F0DCF4926F054DEC2DED /* ViewController.swift */ = {isa = PBXFileReference; lastKnownFileType = sourcecode.swift; path = ViewController.swift; sourceTree = "<group>"; };
		87F094BA523F4DF0C13E7E111204C2CC /* Info.plist */ = {isa = PBXFileReference; lastKnownFileType = text.plist.xml; path = Info.plist; sourceTree = "<group>"; };
		9005C0FCCE1816A505628D43B2DF9612 /* Base */ = {isa = PBXFileReference; lastKnownFileType = file.storyboard; name = Base; path = Base.lproj/Main.storyboard; sourceTree = "<group>"; };
		A09E13D798E08423DB2A815ACB5F38DE /* Pods-Wander.release.xcconfig */ = {isa = PBXFileReference; includeInIndex = 1; lastKnownFileType = text.xcconfig; name = "Pods-Wander.release.xcconfig"; path = "Pods/Target Support Files/Pods-Wander/Pods-Wander.release.xcconfig"; sourceTree = "<group>"; };
		AD1FE1A5D5778B5A7A5BA532C99AEA32 /* Assets.xcassets */ = {isa = PBXFileReference; lastKnownFileType = folder.assetcatalog; path = Assets.xcassets; sourceTree = "<group>"; };
		C9C3136B30D63B942B98A4D48C9B5C17 /* Wander.app */ = {isa = PBXFileReference; explicitFileType = wrapper.application; includeInIndex = 0; path = Wander.app; sourceTree = BUILT_PRODUCTS_DIR; };
		CB028A1AFBD98C666573B45D5BBF4746 /* Pods-Wander.debug.xcconfig */ = {isa = PBXFileReference; includeInIndex = 1; lastKnownFileType = text.xcconfig; name = "Pods-Wander.debug.xcconfig"; path = "Pods/Target Support Files/Pods-Wander/Pods-Wander.debug.xcconfig"; sourceTree = "<group>"; };
		D2381F5FD552D47D043E463817668FC7 /* WanderTests.swift */ = {isa = PBXFileReference; lastKnownFileType = sourcecode.swift; path = WanderTests.swift; sourceTree = "<group>"; };
		ED8DAD6642C5C95784A7F574F6178088 /* AppDelegate.swift */ = {isa = PBXFileReference; lastKnownFileType = sourcecode.swift; path = AppDelegate.swift; sourceTree = "<group>"; };
		F3D968D92418A58842BDBEBFDA6B0FD1 /* Base */ = {isa = PBXFileReference; lastKnownFileType = file.storyboard; name = Base; path = Base.lproj/LaunchScreen.storyboard; sourceTree = "<group>"; };
/* End PBXFileReference section */

/* Begin PBXFrameworksBuildPhase section */
		D14680009857C2A52834BDA932038050 /* Frameworks */ = {
			isa = PBXFrameworksBuildPhase;
			buildActionMask = 2147483647;
			files = (
				D305724EDEF7038D2B0100F199DF35D4 /* Pods_WanderTests.framework in Frameworks */,
			);
			runOnlyForDeploymentPostprocessing = 0;
		};
		DF76E776A80043440B7C2D37B5811F67 /* Frameworks */ = {
			isa = PBXFrameworksBuildPhase;
			buildActionMask = 2147483647;
			files = (
				3D4B81E590AEA08BFBCEC396C919EB06 /* Pods_Wander.framework in Frameworks */,
			);
			runOnlyForDeploymentPostprocessing = 0;
		};
/* End PBXFrameworksBuildPhase section */

/* Begin PBXGroup section */
		0DD2D477C204017E7E26E4460018DDB1 /* Resources */ = {
			isa = PBXGroup;
			children = (
				AD1FE1A5D5778B5A7A5BA532C99AEA32 /* Assets.xcassets */,
				5BF61E5BB3A0B536871B39A86C99ECA7 /* Info.plist */,
			);
			path = Resources;
			sourceTree = "<group>";
		};
		25697749C7EA9711714BB795B969CD21 /* Pods */ = {
			isa = PBXGroup;
			children = (
				CB028A1AFBD98C666573B45D5BBF4746 /* Pods-Wander.debug.xcconfig */,
				A09E13D798E08423DB2A815ACB5F38DE /* Pods-Wander.release.xcconfig */,
				6D3A2B98DF164ABF7D1E2D634F3EC20B /* Pods-WanderTests.debug.xcconfig */,
				14A0DA70A3AE6C1688571B46C323C4F5 /* Pods-WanderTests.release.xcconfig */,
			);
			name = Pods;
			sourceTree = "<group>";
		};
		5137470D17E0C7458917B7A7229383E9 /* Services */ = {
			isa = PBXGroup;
			children = (
			);
			path = Services;
			sourceTree = "<group>";
		};
		564CAD413F2FA4B53805E652C37AA93D /* ViewModels */ = {
			isa = PBXGroup;
			children = (
			);
			path = ViewModels;
			sourceTree = "<group>";
		};
		5A228C8039BCECCD2741CE4010D75B64 /* AppDelegate */ = {
			isa = PBXGroup;
			children = (
				ED8DAD6642C5C95784A7F574F6178088 /* AppDelegate.swift */,
			);
			path = AppDelegate;
			sourceTree = "<group>";
		};
		72395173EC71F1B2418C833E2623B172 /* Wander */ = {
			isa = PBXGroup;
			children = (
				B5FAE82D21AB723D0049F350 /* Controllers */,
				5A228C8039BCECCD2741CE4010D75B64 /* AppDelegate */,
				D7FCDC87E826AA1326A96CC795CF8E1C /* Extensions */,
				F4A82CE231E5BE4BD46EFD3C1429C450 /* Models */,
				0DD2D477C204017E7E26E4460018DDB1 /* Resources */,
				5137470D17E0C7458917B7A7229383E9 /* Services */,
				564CAD413F2FA4B53805E652C37AA93D /* ViewModels */,
				FCB683DAE1A4375DF96399021F053D6C /* Views */,
			);
			path = Wander;
			sourceTree = "<group>";
		};
		9AA5E9005F99E038A7AE2AAC94E0413E /* Frameworks */ = {
			isa = PBXGroup;
			children = (
				248E3AF4F062242A14CAA67968840F40 /* Pods_Wander.framework */,
				4C2F75BA188EB8818283C8C4D428423F /* Pods_WanderTests.framework */,
			);
			name = Frameworks;
			sourceTree = "<group>";
		};
		9D477101AC42FD4802D633AE099F48B0 /* Products */ = {
			isa = PBXGroup;
			children = (
				C9C3136B30D63B942B98A4D48C9B5C17 /* Wander.app */,
				1DFFC1A669F8C6B489DBF7B0F4581E97 /* WanderTests.xctest */,
			);
			name = Products;
			sourceTree = "<group>";
		};
		A8D8869F34290D1F7C6F84AB7DD143B1 /* WanderTests */ = {
			isa = PBXGroup;
			children = (
				87F094BA523F4DF0C13E7E111204C2CC /* Info.plist */,
				D2381F5FD552D47D043E463817668FC7 /* WanderTests.swift */,
			);
			path = WanderTests;
			sourceTree = "<group>";
		};
		B5FAE82D21AB723D0049F350 /* Controllers */ = {
			isa = PBXGroup;
			children = (
				845800E2AFE5F0DCF4926F054DEC2DED /* ViewController.swift */,
			);
			path = Controllers;
			sourceTree = "<group>";
		};
		D7FCDC87E826AA1326A96CC795CF8E1C /* Extensions */ = {
			isa = PBXGroup;
			children = (
			);
			path = Extensions;
			sourceTree = "<group>";
		};
		EA9147D4913A5F2B939274B5B5BD3FF1 = {
			isa = PBXGroup;
			children = (
				9AA5E9005F99E038A7AE2AAC94E0413E /* Frameworks */,
				25697749C7EA9711714BB795B969CD21 /* Pods */,
				9D477101AC42FD4802D633AE099F48B0 /* Products */,
				72395173EC71F1B2418C833E2623B172 /* Wander */,
				A8D8869F34290D1F7C6F84AB7DD143B1 /* WanderTests */,
			);
			sourceTree = "<group>";
		};
		F4A82CE231E5BE4BD46EFD3C1429C450 /* Models */ = {
			isa = PBXGroup;
			children = (
			);
			path = Models;
			sourceTree = "<group>";
		};
		FCB683DAE1A4375DF96399021F053D6C /* Views */ = {
			isa = PBXGroup;
			children = (
				718F674E799C2D6E0328669EA54640F1 /* LaunchScreen.storyboard */,
				524C53456391D77266D1F9121EE24A4E /* Main.storyboard */,
			);
			path = Views;
			sourceTree = "<group>";
		};
/* End PBXGroup section */

/* Begin PBXNativeTarget section */
		588743FA85ABE224C2DF810CD3A30EF8 /* Wander */ = {
			isa = PBXNativeTarget;
			buildConfigurationList = 2709C0FF83016D60CDD78BCAC7A73DF9 /* Build configuration list for PBXNativeTarget "Wander" */;
			buildPhases = (
				DD92586696E92B3EFBF7CB9B87CDA838 /* [CP] Check Pods Manifest.lock */,
				4F8ADD77839E3904D06E27D9D770830D /* Sources */,
				DF76E776A80043440B7C2D37B5811F67 /* Frameworks */,
				73532A71B513D9A0730407266343FB03 /* Resources */,
				556911EBF733CF3768141D7797AF2107 /* [CP] Embed Pods Frameworks */,
			);
			buildRules = (
			);
			dependencies = (
			);
			name = Wander;
			productName = Wander;
			productReference = C9C3136B30D63B942B98A4D48C9B5C17 /* Wander.app */;
			productType = "com.apple.product-type.application";
		};
		5B8A533774DBD451A4B6FFE7D6B07B1C /* WanderTests */ = {
			isa = PBXNativeTarget;
			buildConfigurationList = 152760470088579F193E5DF0F8D911D5 /* Build configuration list for PBXNativeTarget "WanderTests" */;
			buildPhases = (
				7C47D0EE4754452C2D7979366A971506 /* [CP] Check Pods Manifest.lock */,
				564055791A0A9DBFC6730B381CE4812C /* Sources */,
				D14680009857C2A52834BDA932038050 /* Frameworks */,
				841D5F671D82C0D8509B50E35E3AD731 /* Resources */,
				B61B430F5B4CF1CE4E9CF2406AEE6DF0 /* [CP] Embed Pods Frameworks */,
			);
			buildRules = (
			);
			dependencies = (
				383A37958A721682230AD53F9413CBDB /* PBXTargetDependency */,
			);
			name = WanderTests;
			productName = WanderTests;
			productReference = 1DFFC1A669F8C6B489DBF7B0F4581E97 /* WanderTests.xctest */;
			productType = "com.apple.product-type.bundle.unit-test";
		};
/* End PBXNativeTarget section */

/* Begin PBXProject section */
		F091E4C7892C98535622F209C605B10F /* Project object */ = {
			isa = PBXProject;
			attributes = {
				LastSwiftUpdateCheck = 1010;
				LastUpgradeCheck = 1010;
				ORGANIZATIONNAME = Ben;
				TargetAttributes = {
					588743FA85ABE224C2DF810CD3A30EF8 = {
						CreatedOnToolsVersion = 10.1;
					};
					5B8A533774DBD451A4B6FFE7D6B07B1C = {
						CreatedOnToolsVersion = 10.1;
						TestTargetID = 588743FA85ABE224C2DF810CD3A30EF8;
					};
				};
			};
			buildConfigurationList = 24BF2DD0AD3B74A3A0B015D4D7A0202E /* Build configuration list for PBXProject "Wander" */;
			compatibilityVersion = "Xcode 9.3";
			developmentRegion = en;
			hasScannedForEncodings = 0;
			knownRegions = (
				en,
				Base,
			);
			mainGroup = EA9147D4913A5F2B939274B5B5BD3FF1;
			productRefGroup = 9D477101AC42FD4802D633AE099F48B0 /* Products */;
			projectDirPath = "";
			projectRoot = "";
			targets = (
				588743FA85ABE224C2DF810CD3A30EF8 /* Wander */,
				5B8A533774DBD451A4B6FFE7D6B07B1C /* WanderTests */,
			);
		};
/* End PBXProject section */

/* Begin PBXResourcesBuildPhase section */
		73532A71B513D9A0730407266343FB03 /* Resources */ = {
			isa = PBXResourcesBuildPhase;
			buildActionMask = 2147483647;
			files = (
				84CBE8036FC27CE8458690531D43A4AB /* Assets.xcassets in Resources */,
				FE8A9B516A894571E6190ADB48ACCFFB /* LaunchScreen.storyboard in Resources */,
				234BC5657E29F2A7E32B414115CD747C /* Main.storyboard in Resources */,
			);
			runOnlyForDeploymentPostprocessing = 0;
		};
		841D5F671D82C0D8509B50E35E3AD731 /* Resources */ = {
			isa = PBXResourcesBuildPhase;
			buildActionMask = 2147483647;
			files = (
			);
			runOnlyForDeploymentPostprocessing = 0;
		};
/* End PBXResourcesBuildPhase section */

/* Begin PBXShellScriptBuildPhase section */
		556911EBF733CF3768141D7797AF2107 /* [CP] Embed Pods Frameworks */ = {
			isa = PBXShellScriptBuildPhase;
			buildActionMask = 2147483647;
			files = (
			);
			inputFileListPaths = (
			);
			inputPaths = (
				"${SRCROOT}/Pods/Target Support Files/Pods-Wander/Pods-Wander-frameworks.sh",
				"${BUILT_PRODUCTS_DIR}/RxAtomic/RxAtomic.framework",
				"${BUILT_PRODUCTS_DIR}/RxCocoa/RxCocoa.framework",
				"${BUILT_PRODUCTS_DIR}/RxSwift/RxSwift.framework",
				"${BUILT_PRODUCTS_DIR}/RxSwiftExt/RxSwiftExt.framework",
				"${BUILT_PRODUCTS_DIR}/Swinject/Swinject.framework",
				"${BUILT_PRODUCTS_DIR}/SwinjectStoryboard/SwinjectStoryboard.framework",
			);
			name = "[CP] Embed Pods Frameworks";
			outputFileListPaths = (
			);
			outputPaths = (
				"${TARGET_BUILD_DIR}/${FRAMEWORKS_FOLDER_PATH}/RxAtomic.framework",
				"${TARGET_BUILD_DIR}/${FRAMEWORKS_FOLDER_PATH}/RxCocoa.framework",
				"${TARGET_BUILD_DIR}/${FRAMEWORKS_FOLDER_PATH}/RxSwift.framework",
				"${TARGET_BUILD_DIR}/${FRAMEWORKS_FOLDER_PATH}/RxSwiftExt.framework",
				"${TARGET_BUILD_DIR}/${FRAMEWORKS_FOLDER_PATH}/Swinject.framework",
				"${TARGET_BUILD_DIR}/${FRAMEWORKS_FOLDER_PATH}/SwinjectStoryboard.framework",
			);
			runOnlyForDeploymentPostprocessing = 0;
			shellPath = /bin/sh;
			shellScript = "\"${SRCROOT}/Pods/Target Support Files/Pods-Wander/Pods-Wander-frameworks.sh\"\n";
			showEnvVarsInLog = 0;
		};
		7C47D0EE4754452C2D7979366A971506 /* [CP] Check Pods Manifest.lock */ = {
			isa = PBXShellScriptBuildPhase;
			buildActionMask = 2147483647;
			files = (
			);
			inputFileListPaths = (
			);
			inputPaths = (
				"${PODS_PODFILE_DIR_PATH}/Podfile.lock",
				"${PODS_ROOT}/Manifest.lock",
			);
			name = "[CP] Check Pods Manifest.lock";
			outputFileListPaths = (
			);
			outputPaths = (
				"$(DERIVED_FILE_DIR)/Pods-WanderTests-checkManifestLockResult.txt",
			);
			runOnlyForDeploymentPostprocessing = 0;
			shellPath = /bin/sh;
			shellScript = "diff \"${PODS_PODFILE_DIR_PATH}/Podfile.lock\" \"${PODS_ROOT}/Manifest.lock\" > /dev/null\nif [ $? != 0 ] ; then\n    # print error to STDERR\n    echo \"error: The sandbox is not in sync with the Podfile.lock. Run 'pod install' or update your CocoaPods installation.\" >&2\n    exit 1\nfi\n# This output is used by Xcode 'outputs' to avoid re-running this script phase.\necho \"SUCCESS\" > \"${SCRIPT_OUTPUT_FILE_0}\"\n";
			showEnvVarsInLog = 0;
		};
		B61B430F5B4CF1CE4E9CF2406AEE6DF0 /* [CP] Embed Pods Frameworks */ = {
			isa = PBXShellScriptBuildPhase;
			buildActionMask = 2147483647;
			files = (
			);
			inputFileListPaths = (
			);
			inputPaths = (
				"${SRCROOT}/Pods/Target Support Files/Pods-WanderTests/Pods-WanderTests-frameworks.sh",
				"${BUILT_PRODUCTS_DIR}/RxAtomic/RxAtomic.framework",
				"${BUILT_PRODUCTS_DIR}/RxSwift/RxSwift.framework",
				"${BUILT_PRODUCTS_DIR}/Nimble/Nimble.framework",
				"${BUILT_PRODUCTS_DIR}/RxBlocking/RxBlocking.framework",
				"${BUILT_PRODUCTS_DIR}/RxTest/RxTest.framework",
			);
			name = "[CP] Embed Pods Frameworks";
			outputFileListPaths = (
			);
			outputPaths = (
				"${TARGET_BUILD_DIR}/${FRAMEWORKS_FOLDER_PATH}/RxAtomic.framework",
				"${TARGET_BUILD_DIR}/${FRAMEWORKS_FOLDER_PATH}/RxSwift.framework",
				"${TARGET_BUILD_DIR}/${FRAMEWORKS_FOLDER_PATH}/Nimble.framework",
				"${TARGET_BUILD_DIR}/${FRAMEWORKS_FOLDER_PATH}/RxBlocking.framework",
				"${TARGET_BUILD_DIR}/${FRAMEWORKS_FOLDER_PATH}/RxTest.framework",
			);
			runOnlyForDeploymentPostprocessing = 0;
			shellPath = /bin/sh;
			shellScript = "\"${SRCROOT}/Pods/Target Support Files/Pods-WanderTests/Pods-WanderTests-frameworks.sh\"\n";
			showEnvVarsInLog = 0;
		};
		DD92586696E92B3EFBF7CB9B87CDA838 /* [CP] Check Pods Manifest.lock */ = {
			isa = PBXShellScriptBuildPhase;
			buildActionMask = 2147483647;
			files = (
			);
			inputFileListPaths = (
			);
			inputPaths = (
				"${PODS_PODFILE_DIR_PATH}/Podfile.lock",
				"${PODS_ROOT}/Manifest.lock",
			);
			name = "[CP] Check Pods Manifest.lock";
			outputFileListPaths = (
			);
			outputPaths = (
				"$(DERIVED_FILE_DIR)/Pods-Wander-checkManifestLockResult.txt",
			);
			runOnlyForDeploymentPostprocessing = 0;
			shellPath = /bin/sh;
			shellScript = "diff \"${PODS_PODFILE_DIR_PATH}/Podfile.lock\" \"${PODS_ROOT}/Manifest.lock\" > /dev/null\nif [ $? != 0 ] ; then\n    # print error to STDERR\n    echo \"error: The sandbox is not in sync with the Podfile.lock. Run 'pod install' or update your CocoaPods installation.\" >&2\n    exit 1\nfi\n# This output is used by Xcode 'outputs' to avoid re-running this script phase.\necho \"SUCCESS\" > \"${SCRIPT_OUTPUT_FILE_0}\"\n";
			showEnvVarsInLog = 0;
		};
/* End PBXShellScriptBuildPhase section */

/* Begin PBXSourcesBuildPhase section */
		4F8ADD77839E3904D06E27D9D770830D /* Sources */ = {
			isa = PBXSourcesBuildPhase;
			buildActionMask = 2147483647;
			files = (
				01AD6801129F8D44F876E4A0B56AECB3 /* AppDelegate.swift in Sources */,
				4805FC8FE6D123299BC78C81CC5EDF33 /* ViewController.swift in Sources */,
			);
			runOnlyForDeploymentPostprocessing = 0;
		};
		564055791A0A9DBFC6730B381CE4812C /* Sources */ = {
			isa = PBXSourcesBuildPhase;
			buildActionMask = 2147483647;
			files = (
				103022EF740FB593BD91231A77908502 /* WanderTests.swift in Sources */,
			);
			runOnlyForDeploymentPostprocessing = 0;
		};
/* End PBXSourcesBuildPhase section */

/* Begin PBXTargetDependency section */
		383A37958A721682230AD53F9413CBDB /* PBXTargetDependency */ = {
			isa = PBXTargetDependency;
			target = 588743FA85ABE224C2DF810CD3A30EF8 /* Wander */;
			targetProxy = 5F1D432041728FE90BFCEDF495BA6B2C /* PBXContainerItemProxy */;
		};
/* End PBXTargetDependency section */

/* Begin PBXVariantGroup section */
		524C53456391D77266D1F9121EE24A4E /* Main.storyboard */ = {
			isa = PBXVariantGroup;
			children = (
				9005C0FCCE1816A505628D43B2DF9612 /* Base */,
			);
			name = Main.storyboard;
			sourceTree = "<group>";
		};
		718F674E799C2D6E0328669EA54640F1 /* LaunchScreen.storyboard */ = {
			isa = PBXVariantGroup;
			children = (
				F3D968D92418A58842BDBEBFDA6B0FD1 /* Base */,
			);
			name = LaunchScreen.storyboard;
			sourceTree = "<group>";
		};
/* End PBXVariantGroup section */

/* Begin XCBuildConfiguration section */
		0BF62ED4ECAE3408C59B0B2025C0D80B /* Debug */ = {
			isa = XCBuildConfiguration;
			baseConfigurationReference = 6D3A2B98DF164ABF7D1E2D634F3EC20B /* Pods-WanderTests.debug.xcconfig */;
			buildSettings = {
				ALWAYS_EMBED_SWIFT_STANDARD_LIBRARIES = YES;
				BUNDLE_LOADER = "$(TEST_HOST)";
				CODE_SIGN_STYLE = Automatic;
				DEVELOPMENT_TEAM = AQPT39PUGY;
				INFOPLIST_FILE = WanderTests/Info.plist;
				LD_RUNPATH_SEARCH_PATHS = (
					"$(inherited)",
					"@executable_path/Frameworks",
					"@loader_path/Frameworks",
				);
				PRODUCT_BUNDLE_IDENTIFIER = com.ben.WanderTests;
				PRODUCT_NAME = "$(TARGET_NAME)";
				SWIFT_VERSION = 4.2;
				TARGETED_DEVICE_FAMILY = "1,2";
				TEST_HOST = "$(BUILT_PRODUCTS_DIR)/Wander.app/Wander";
			};
			name = Debug;
		};
		3016AD22DFAFEC3FF863A76B75612C60 /* Release */ = {
			isa = XCBuildConfiguration;
			baseConfigurationReference = A09E13D798E08423DB2A815ACB5F38DE /* Pods-Wander.release.xcconfig */;
			buildSettings = {
				ASSETCATALOG_COMPILER_APPICON_NAME = AppIcon;
				CODE_SIGN_STYLE = Automatic;
				DEVELOPMENT_TEAM = AQPT39PUGY;
				INFOPLIST_FILE = Wander/Info.plist;
				LD_RUNPATH_SEARCH_PATHS = (
					"$(inherited)",
					"@executable_path/Frameworks",
				);
				PRODUCT_BUNDLE_IDENTIFIER = com.ben.Wander;
				PRODUCT_NAME = "$(TARGET_NAME)";
				SWIFT_VERSION = 4.2;
				TARGETED_DEVICE_FAMILY = "1,2";
			};
			name = Release;
		};
		3708604D716B01910DBDB1327651F8DF /* Release */ = {
			isa = XCBuildConfiguration;
			buildSettings = {
				ALWAYS_SEARCH_USER_PATHS = NO;
				CLANG_ANALYZER_NONNULL = YES;
				CLANG_ANALYZER_NUMBER_OBJECT_CONVERSION = YES_AGGRESSIVE;
				CLANG_CXX_LANGUAGE_STANDARD = "gnu++14";
				CLANG_CXX_LIBRARY = "libc++";
				CLANG_ENABLE_MODULES = YES;
				CLANG_ENABLE_OBJC_ARC = YES;
				CLANG_ENABLE_OBJC_WEAK = YES;
				CLANG_WARN_BLOCK_CAPTURE_AUTORELEASING = YES;
				CLANG_WARN_BOOL_CONVERSION = YES;
				CLANG_WARN_COMMA = YES;
				CLANG_WARN_CONSTANT_CONVERSION = YES;
				CLANG_WARN_DEPRECATED_OBJC_IMPLEMENTATIONS = YES;
				CLANG_WARN_DIRECT_OBJC_ISA_USAGE = YES_ERROR;
				CLANG_WARN_DOCUMENTATION_COMMENTS = YES;
				CLANG_WARN_EMPTY_BODY = YES;
				CLANG_WARN_ENUM_CONVERSION = YES;
				CLANG_WARN_INFINITE_RECURSION = YES;
				CLANG_WARN_INT_CONVERSION = YES;
				CLANG_WARN_NON_LITERAL_NULL_CONVERSION = YES;
				CLANG_WARN_OBJC_IMPLICIT_RETAIN_SELF = YES;
				CLANG_WARN_OBJC_LITERAL_CONVERSION = YES;
				CLANG_WARN_OBJC_ROOT_CLASS = YES_ERROR;
				CLANG_WARN_RANGE_LOOP_ANALYSIS = YES;
				CLANG_WARN_STRICT_PROTOTYPES = YES;
				CLANG_WARN_SUSPICIOUS_MOVE = YES;
				CLANG_WARN_UNGUARDED_AVAILABILITY = YES_AGGRESSIVE;
				CLANG_WARN_UNREACHABLE_CODE = YES;
				CLANG_WARN__DUPLICATE_METHOD_MATCH = YES;
				CODE_SIGN_IDENTITY = "iPhone Developer";
				COPY_PHASE_STRIP = NO;
				DEBUG_INFORMATION_FORMAT = "dwarf-with-dsym";
				ENABLE_NS_ASSERTIONS = NO;
				ENABLE_STRICT_OBJC_MSGSEND = YES;
				GCC_C_LANGUAGE_STANDARD = gnu11;
				GCC_NO_COMMON_BLOCKS = YES;
				GCC_WARN_64_TO_32_BIT_CONVERSION = YES;
				GCC_WARN_ABOUT_RETURN_TYPE = YES_ERROR;
				GCC_WARN_UNDECLARED_SELECTOR = YES;
				GCC_WARN_UNINITIALIZED_AUTOS = YES_AGGRESSIVE;
				GCC_WARN_UNUSED_FUNCTION = YES;
				GCC_WARN_UNUSED_VARIABLE = YES;
				IPHONEOS_DEPLOYMENT_TARGET = 12.1;
				MTL_ENABLE_DEBUG_INFO = NO;
				MTL_FAST_MATH = YES;
				SDKROOT = iphoneos;
				SWIFT_COMPILATION_MODE = wholemodule;
				SWIFT_OPTIMIZATION_LEVEL = "-O";
				VALIDATE_PRODUCT = YES;
			};
			name = Release;
		};
		A8CF39B30C0DE4D40C806A11DFC547B0 /* Debug */ = {
			isa = XCBuildConfiguration;
			baseConfigurationReference = CB028A1AFBD98C666573B45D5BBF4746 /* Pods-Wander.debug.xcconfig */;
			buildSettings = {
				ASSETCATALOG_COMPILER_APPICON_NAME = AppIcon;
				CODE_SIGN_STYLE = Automatic;
				DEVELOPMENT_TEAM = AQPT39PUGY;
				INFOPLIST_FILE = Wander/Info.plist;
				LD_RUNPATH_SEARCH_PATHS = (
					"$(inherited)",
					"@executable_path/Frameworks",
				);
				PRODUCT_BUNDLE_IDENTIFIER = com.ben.Wander;
				PRODUCT_NAME = "$(TARGET_NAME)";
				SWIFT_VERSION = 4.2;
				TARGETED_DEVICE_FAMILY = "1,2";
			};
			name = Debug;
		};
		BDFAB383CCC5671AA5E673053795AD96 /* Debug */ = {
			isa = XCBuildConfiguration;
			buildSettings = {
				ALWAYS_SEARCH_USER_PATHS = NO;
				CLANG_ANALYZER_NONNULL = YES;
				CLANG_ANALYZER_NUMBER_OBJECT_CONVERSION = YES_AGGRESSIVE;
				CLANG_CXX_LANGUAGE_STANDARD = "gnu++14";
				CLANG_CXX_LIBRARY = "libc++";
				CLANG_ENABLE_MODULES = YES;
				CLANG_ENABLE_OBJC_ARC = YES;
				CLANG_ENABLE_OBJC_WEAK = YES;
				CLANG_WARN_BLOCK_CAPTURE_AUTORELEASING = YES;
				CLANG_WARN_BOOL_CONVERSION = YES;
				CLANG_WARN_COMMA = YES;
				CLANG_WARN_CONSTANT_CONVERSION = YES;
				CLANG_WARN_DEPRECATED_OBJC_IMPLEMENTATIONS = YES;
				CLANG_WARN_DIRECT_OBJC_ISA_USAGE = YES_ERROR;
				CLANG_WARN_DOCUMENTATION_COMMENTS = YES;
				CLANG_WARN_EMPTY_BODY = YES;
				CLANG_WARN_ENUM_CONVERSION = YES;
				CLANG_WARN_INFINITE_RECURSION = YES;
				CLANG_WARN_INT_CONVERSION = YES;
				CLANG_WARN_NON_LITERAL_NULL_CONVERSION = YES;
				CLANG_WARN_OBJC_IMPLICIT_RETAIN_SELF = YES;
				CLANG_WARN_OBJC_LITERAL_CONVERSION = YES;
				CLANG_WARN_OBJC_ROOT_CLASS = YES_ERROR;
				CLANG_WARN_RANGE_LOOP_ANALYSIS = YES;
				CLANG_WARN_STRICT_PROTOTYPES = YES;
				CLANG_WARN_SUSPICIOUS_MOVE = YES;
				CLANG_WARN_UNGUARDED_AVAILABILITY = YES_AGGRESSIVE;
				CLANG_WARN_UNREACHABLE_CODE = YES;
				CLANG_WARN__DUPLICATE_METHOD_MATCH = YES;
				CODE_SIGN_IDENTITY = "iPhone Developer";
				COPY_PHASE_STRIP = NO;
				DEBUG_INFORMATION_FORMAT = dwarf;
				ENABLE_STRICT_OBJC_MSGSEND = YES;
				ENABLE_TESTABILITY = YES;
				GCC_C_LANGUAGE_STANDARD = gnu11;
				GCC_DYNAMIC_NO_PIC = NO;
				GCC_NO_COMMON_BLOCKS = YES;
				GCC_OPTIMIZATION_LEVEL = 0;
				GCC_PREPROCESSOR_DEFINITIONS = (
					"DEBUG=1",
					"$(inherited)",
				);
				GCC_WARN_64_TO_32_BIT_CONVERSION = YES;
				GCC_WARN_ABOUT_RETURN_TYPE = YES_ERROR;
				GCC_WARN_UNDECLARED_SELECTOR = YES;
				GCC_WARN_UNINITIALIZED_AUTOS = YES_AGGRESSIVE;
				GCC_WARN_UNUSED_FUNCTION = YES;
				GCC_WARN_UNUSED_VARIABLE = YES;
				IPHONEOS_DEPLOYMENT_TARGET = 12.1;
				MTL_ENABLE_DEBUG_INFO = INCLUDE_SOURCE;
				MTL_FAST_MATH = YES;
				ONLY_ACTIVE_ARCH = YES;
				SDKROOT = iphoneos;
				SWIFT_ACTIVE_COMPILATION_CONDITIONS = DEBUG;
				SWIFT_OPTIMIZATION_LEVEL = "-Onone";
			};
			name = Debug;
		};
		F9D6A2EC6B8CFCCEDCE562FB15F5D7F4 /* Release */ = {
			isa = XCBuildConfiguration;
			baseConfigurationReference = 14A0DA70A3AE6C1688571B46C323C4F5 /* Pods-WanderTests.release.xcconfig */;
			buildSettings = {
				ALWAYS_EMBED_SWIFT_STANDARD_LIBRARIES = YES;
				BUNDLE_LOADER = "$(TEST_HOST)";
				CODE_SIGN_STYLE = Automatic;
				DEVELOPMENT_TEAM = AQPT39PUGY;
				INFOPLIST_FILE = WanderTests/Info.plist;
				LD_RUNPATH_SEARCH_PATHS = (
					"$(inherited)",
					"@executable_path/Frameworks",
					"@loader_path/Frameworks",
				);
				PRODUCT_BUNDLE_IDENTIFIER = com.ben.WanderTests;
				PRODUCT_NAME = "$(TARGET_NAME)";
				SWIFT_VERSION = 4.2;
				TARGETED_DEVICE_FAMILY = "1,2";
				TEST_HOST = "$(BUILT_PRODUCTS_DIR)/Wander.app/Wander";
			};
			name = Release;
		};
/* End XCBuildConfiguration section */

/* Begin XCConfigurationList section */
		152760470088579F193E5DF0F8D911D5 /* Build configuration list for PBXNativeTarget "WanderTests" */ = {
			isa = XCConfigurationList;
			buildConfigurations = (
				0BF62ED4ECAE3408C59B0B2025C0D80B /* Debug */,
				F9D6A2EC6B8CFCCEDCE562FB15F5D7F4 /* Release */,
			);
			defaultConfigurationIsVisible = 0;
			defaultConfigurationName = Release;
		};
		24BF2DD0AD3B74A3A0B015D4D7A0202E /* Build configuration list for PBXProject "Wander" */ = {
			isa = XCConfigurationList;
			buildConfigurations = (
				BDFAB383CCC5671AA5E673053795AD96 /* Debug */,
				3708604D716B01910DBDB1327651F8DF /* Release */,
			);
			defaultConfigurationIsVisible = 0;
			defaultConfigurationName = Release;
		};
		2709C0FF83016D60CDD78BCAC7A73DF9 /* Build configuration list for PBXNativeTarget "Wander" */ = {
			isa = XCConfigurationList;
			buildConfigurations = (
				A8CF39B30C0DE4D40C806A11DFC547B0 /* Debug */,
				3016AD22DFAFEC3FF863A76B75612C60 /* Release */,
			);
			defaultConfigurationIsVisible = 0;
			defaultConfigurationName = Release;
		};
/* End XCConfigurationList section */
	};
	rootObject = F091E4C7892C98535622F209C605B10F /* Project object */;
}
